
Microsoft Visual Studio Solution File, Format Version 12.00
# Visual Studio 15
VisualStudioVersion = 15.0.28010.2046
MinimumVisualStudioVersion = 10.0.40219.1
Project("{FAE04EC0-301F-11D3-BF4B-00C04F79EFBC}") = "core2api", "core2api\core2api.csproj", "{FF62ECA6-EDAE-44BF-AB93-A09F37D6BD43}"
EndProject
Global
	GlobalSection(SolutionConfigurationPlatforms) = preSolution
		Debug|Any CPU = Debug|Any CPU
		Release|Any CPU = Release|Any CPU
	EndGlobalSection
	GlobalSection(ProjectConfigurationPlatforms) = postSolution
		{FF62ECA6-EDAE-44BF-AB93-A09F37D6BD43}.Debug|Any CPU.ActiveCfg = Debug|Any CPU
		{FF62ECA6-EDAE-44BF-AB93-A09F37D6BD43}.Debug|Any CPU.Build.0 = Debug|Any CPU
		{FF62ECA6-EDAE-44BF-AB93-A09F37D6BD43}.Release|Any CPU.ActiveCfg = Release|Any CPU
		{FF62ECA6-EDAE-44BF-AB93-A09F37D6BD43}.Release|Any CPU.Build.0 = Release|Any CPU
	EndGlobalSection
	GlobalSection(SolutionProperties) = preSolution
		HideSolutionNode = FALSE
	EndGlobalSection
	GlobalSection(ExtensibilityGlobals) = postSolution
		SolutionGuid = {0C139E60-3F56-4A85-92B8-F638743B7391}
	EndGlobalSection
EndGlobal
